
Microsoft Visual Studio Solution File, Format Version 12.00
# Visual Studio Version 17
VisualStudioVersion = 17.11.35327.3
MinimumVisualStudioVersion = 10.0.40219.1
Project("{FAE04EC0-301F-11D3-BF4B-00C04F79EFBC}") = "EffectiveMobileTestApp", "EffectiveMobileTestApp\EffectiveMobileTestApp.csproj", "{08D09188-6416-48B4-A9BB-87763CD9DE26}"
EndProject
Global
	GlobalSection(SolutionConfigurationPlatforms) = preSolution
		Debug|Any CPU = Debug|Any CPU
		Release|Any CPU = Release|Any CPU
	EndGlobalSection
	GlobalSection(ProjectConfigurationPlatforms) = postSolution
		{08D09188-6416-48B4-A9BB-87763CD9DE26}.Debug|Any CPU.ActiveCfg = Debug|Any CPU
		{08D09188-6416-48B4-A9BB-87763CD9DE26}.Debug|Any CPU.Build.0 = Debug|Any CPU
		{08D09188-6416-48B4-A9BB-87763CD9DE26}.Release|Any CPU.ActiveCfg = Release|Any CPU
		{08D09188-6416-48B4-A9BB-87763CD9DE26}.Release|Any CPU.Build.0 = Release|Any CPU
	EndGlobalSection
	GlobalSection(SolutionProperties) = preSolution
		HideSolutionNode = FALSE
	EndGlobalSection
	GlobalSection(ExtensibilityGlobals) = postSolution
		SolutionGuid = {7F606D14-68D0-4088-B26A-45B8C06309FB}
	EndGlobalSection
EndGlobal
